{
  "name": "tree-sitter-syncat-stylesheet",
  "version": "1.1.0",
  "lockfileVersion": 1,
  "requires": true,
  "dependencies": {
    "nan": {
      "version": "2.12.1",
      "resolved": "https://registry.npmjs.org/nan/-/nan-2.12.1.tgz",
      "integrity": "sha512-JY7V6lRkStKcKTvHO5NVSQRv+RV+FIL5pvDoLiAtSL9pKlC5x9PKQcZDsq7m4FO4d57mkhC6Z+QhAh3Jdk5JFw=="
    },
    "tree-sitter-cli": {
      "version": "0.14.4",
      "resolved": "https://registry.npmjs.org/tree-sitter-cli/-/tree-sitter-cli-0.14.4.tgz",
      "integrity": "sha512-vJ2WaCNeaSl73FApeoaFrCIghnQYa0TLbjwuLnqSLIqGrJhjuAWpqqc1CwafvqtKOy2p6CbJhRzsjmSMoRRGVw==",
      "dev": true
    }
  }
}
