{
  "name": "syncat-stylesheet",
  "version": "2.2.0",
  "lockfileVersion": 1,
  "requires": true,
  "dependencies": {
    "nan": {
      "version": "2.14.2",
      "resolved": "https://registry.npmjs.org/nan/-/nan-2.14.2.tgz",
      "integrity": "sha512-M2ufzIiINKCuDfBSAUr1vWQ+vuVcA9kqx8JJUsbQi6yf1uGRyb7HfpdfUr5qLXf3B/t8dPvcjhKMmlfnP47EzQ=="
    },
    "tree-sitter-syncat-stylesheet": {
      "version": "2.2.1",
      "resolved": "https://registry.npmjs.org/tree-sitter-syncat-stylesheet/-/tree-sitter-syncat-stylesheet-2.2.1.tgz",
      "integrity": "sha512-9KjCzd7JB+S0fbx7p1Q1LkYpJ0at2YBgt0IGolxVb0k9PSE1TNhE5JeuDtdGjJSTaoBy8vNhzNG3FdStLAO4NQ==",
      "requires": {
        "nan": "^2.14.0"
      }
    }
  }
}
