{
  "name": "syncat-stylesheet",
  "version": "2.0.0",
  "lockfileVersion": 1,
  "requires": true,
  "dependencies": {
    "nan": {
      "version": "2.14.0",
      "resolved": "https://registry.npmjs.org/nan/-/nan-2.14.0.tgz",
      "integrity": "sha512-INOFj37C7k3AfaNTtX8RhsTw7qRy7eLET14cROi9+5HAVbbHuIWUHEauBv5qT4Av2tWasiTY1Jw6puUNqRJXQg=="
    },
    "tree-sitter-syncat-stylesheet": {
      "version": "2.1.0",
      "resolved": "https://registry.npmjs.org/tree-sitter-syncat-stylesheet/-/tree-sitter-syncat-stylesheet-2.1.0.tgz",
      "integrity": "sha512-/RMXSqMSc2bX2epxZZ/+QVhjzZredkm54pv2F78RyAea+dyRpVie3CO+5pfZnM+AJuqMr6TDOkbhvnxBTPuX2g==",
      "requires": {
        "nan": "^2.14.0"
      }
    }
  }
}
